
Microsoft Visual Studio Solution File, Format Version 12.00
# Visual Studio Version 17
VisualStudioVersion = 17.9.34616.47
MinimumVisualStudioVersion = 10.0.40219.1
Project("{9A19103F-16F7-4668-BE54-9A1E7A4F7556}") = "SpinDetection", "SpinDetection.csproj", "{CCE446AA-BEE8-4844-BFD8-E57EDBB0FEEB}"
EndProject
Global
	GlobalSection(SolutionConfigurationPlatforms) = preSolution
		Debug|Any CPU = Debug|Any CPU
		Release|Any CPU = Release|Any CPU
	EndGlobalSection
	GlobalSection(ProjectConfigurationPlatforms) = postSolution
		{CCE446AA-BEE8-4844-BFD8-E57EDBB0FEEB}.Debug|Any CPU.ActiveCfg = Debug|Any CPU
		{CCE446AA-BEE8-4844-BFD8-E57EDBB0FEEB}.Debug|Any CPU.Build.0 = Debug|Any CPU
		{CCE446AA-BEE8-4844-BFD8-E57EDBB0FEEB}.Release|Any CPU.ActiveCfg = Release|Any CPU
		{CCE446AA-BEE8-4844-BFD8-E57EDBB0FEEB}.Release|Any CPU.Build.0 = Release|Any CPU
	EndGlobalSection
	GlobalSection(SolutionProperties) = preSolution
		HideSolutionNode = FALSE
	EndGlobalSection
	GlobalSection(ExtensibilityGlobals) = postSolution
		SolutionGuid = {9EBD6371-5F4A-4DA4-91A1-2192AF4344CF}
	EndGlobalSection
EndGlobal
